
Microsoft Visual Studio Solution File, Format Version 12.00
# Visual Studio Version 17
VisualStudioVersion = 17.9.34622.214
MinimumVisualStudioVersion = 10.0.40219.1
Project("{FAE04EC0-301F-11D3-BF4B-00C04F79EFBC}") = "1150080061_NguyenTanKiet_lab6_bai4,5,6", "1150080061_NguyenTanKiet_lab6_bai4,5,6\1150080061_NguyenTanKiet_lab6_bai4,5,6.csproj", "{4360D9D5-61D9-4A03-A9A7-03B07CB39AC6}"
EndProject
Project("{FAE04EC0-301F-11D3-BF4B-00C04F79EFBC}") = "OrganizationUnitTest", "OrganizationUnitTest\OrganizationUnitTest.csproj", "{1AFB30B2-93B6-49DE-AD18-5E311B330BAE}"
EndProject
Global
	GlobalSection(SolutionConfigurationPlatforms) = preSolution
		Debug|Any CPU = Debug|Any CPU
		Release|Any CPU = Release|Any CPU
	EndGlobalSection
	GlobalSection(ProjectConfigurationPlatforms) = postSolution
		{4360D9D5-61D9-4A03-A9A7-03B07CB39AC6}.Debug|Any CPU.ActiveCfg = Debug|Any CPU
		{4360D9D5-61D9-4A03-A9A7-03B07CB39AC6}.Debug|Any CPU.Build.0 = Debug|Any CPU
		{4360D9D5-61D9-4A03-A9A7-03B07CB39AC6}.Release|Any CPU.ActiveCfg = Release|Any CPU
		{4360D9D5-61D9-4A03-A9A7-03B07CB39AC6}.Release|Any CPU.Build.0 = Release|Any CPU
		{1AFB30B2-93B6-49DE-AD18-5E311B330BAE}.Debug|Any CPU.ActiveCfg = Debug|Any CPU
		{1AFB30B2-93B6-49DE-AD18-5E311B330BAE}.Debug|Any CPU.Build.0 = Debug|Any CPU
		{1AFB30B2-93B6-49DE-AD18-5E311B330BAE}.Release|Any CPU.ActiveCfg = Release|Any CPU
		{1AFB30B2-93B6-49DE-AD18-5E311B330BAE}.Release|Any CPU.Build.0 = Release|Any CPU
	EndGlobalSection
	GlobalSection(SolutionProperties) = preSolution
		HideSolutionNode = FALSE
	EndGlobalSection
	GlobalSection(ExtensibilityGlobals) = postSolution
		SolutionGuid = {14B5B57A-1B2C-4EBC-BF1F-3C7CB4789ED1}
	EndGlobalSection
EndGlobal
